<?xml version="1.0" encoding="utf-8"?>
<Project ToolsVersion="4.0" xmlns="http://schemas.microsoft.com/developer/msbuild/2003">
  <ItemGroup>
    <Filter Include="include">
      <UniqueIdentifier>{62756e66-8839-482b-8326-513973ed48aa}</UniqueIdentifier>
    </Filter>
    <Filter Include="source">
      <UniqueIdentifier>{8d0d1611-dc44-42de-9264-efc5bc353936}</UniqueIdentifier>
    </Filter>
  </ItemGroup>
  <ItemGroup>
    <ClInclude Include="include\DLink.h">
      <Filter>include</Filter>
    </ClInclude>
    <ClInclude Include="include\Iterator.h">
      <Filter>include</Filter>
    </ClInclude>
    <ClInclude Include="include\ManagerBase.h">
      <Filter>include</Filter>
    </ClInclude>
    <ClInclude Include="include\DLink_Iterator.h">
      <Filter>include</Filter>
    </ClInclude>
    <ClInclude Include="include\DLink_Manager.h">
      <Filter>include</Filter>
    </ClInclude>
    <ClInclude Include="include\ListBase.h">
      <Filter>include</Filter>
    </ClInclude>
  </ItemGroup>
</Project>